
Microsoft Visual Studio Solution File, Format Version 12.00
# Visual Studio Version 17
VisualStudioVersion = 17.8.34525.116
MinimumVisualStudioVersion = 10.0.40219.1
Project("{9A19103F-16F7-4668-BE54-9A1E7A4F7556}") = "Lesson21(API)", "Lesson21(API)\Lesson21(API).csproj", "{17F4AE99-C80C-4932-8F8E-61EE49461400}"
EndProject
Project("{FAE04EC0-301F-11D3-BF4B-00C04F79EFBC}") = "Consume", "Consume\Consume.csproj", "{6381EB1C-C7BE-4A29-943F-BE944079774B}"
EndProject
Global
	GlobalSection(SolutionConfigurationPlatforms) = preSolution
		Debug|Any CPU = Debug|Any CPU
		Release|Any CPU = Release|Any CPU
	EndGlobalSection
	GlobalSection(ProjectConfigurationPlatforms) = postSolution
		{17F4AE99-C80C-4932-8F8E-61EE49461400}.Debug|Any CPU.ActiveCfg = Debug|Any CPU
		{17F4AE99-C80C-4932-8F8E-61EE49461400}.Debug|Any CPU.Build.0 = Debug|Any CPU
		{17F4AE99-C80C-4932-8F8E-61EE49461400}.Release|Any CPU.ActiveCfg = Release|Any CPU
		{17F4AE99-C80C-4932-8F8E-61EE49461400}.Release|Any CPU.Build.0 = Release|Any CPU
		{6381EB1C-C7BE-4A29-943F-BE944079774B}.Debug|Any CPU.ActiveCfg = Debug|Any CPU
		{6381EB1C-C7BE-4A29-943F-BE944079774B}.Debug|Any CPU.Build.0 = Debug|Any CPU
		{6381EB1C-C7BE-4A29-943F-BE944079774B}.Release|Any CPU.ActiveCfg = Release|Any CPU
		{6381EB1C-C7BE-4A29-943F-BE944079774B}.Release|Any CPU.Build.0 = Release|Any CPU
	EndGlobalSection
	GlobalSection(SolutionProperties) = preSolution
		HideSolutionNode = FALSE
	EndGlobalSection
	GlobalSection(ExtensibilityGlobals) = postSolution
		SolutionGuid = {EB9B8F16-747A-466F-87A3-F92829485F0C}
	EndGlobalSection
EndGlobal
